
Microsoft Visual Studio Solution File, Format Version 12.00
# Visual Studio Version 16
VisualStudioVersion = 16.0.29519.87
MinimumVisualStudioVersion = 10.0.40219.1
Project("{FAE04EC0-301F-11D3-BF4B-00C04F79EFBC}") = "CryptoBackend", "CryptoBackend\CryptoBackend.csproj", "{9973AD0D-DDE1-464D-9341-74433E3468CB}"
EndProject
Global
	GlobalSection(SolutionConfigurationPlatforms) = preSolution
		Debug|Any CPU = Debug|Any CPU
		Release|Any CPU = Release|Any CPU
	EndGlobalSection
	GlobalSection(ProjectConfigurationPlatforms) = postSolution
		{9973AD0D-DDE1-464D-9341-74433E3468CB}.Debug|Any CPU.ActiveCfg = Debug|Any CPU
		{9973AD0D-DDE1-464D-9341-74433E3468CB}.Debug|Any CPU.Build.0 = Debug|Any CPU
		{9973AD0D-DDE1-464D-9341-74433E3468CB}.Release|Any CPU.ActiveCfg = Release|Any CPU
		{9973AD0D-DDE1-464D-9341-74433E3468CB}.Release|Any CPU.Build.0 = Release|Any CPU
	EndGlobalSection
	GlobalSection(SolutionProperties) = preSolution
		HideSolutionNode = FALSE
	EndGlobalSection
	GlobalSection(ExtensibilityGlobals) = postSolution
		SolutionGuid = {78125768-D5CA-48BE-8486-D96787A84C76}
	EndGlobalSection
EndGlobal
